<?xml version="1.0" encoding="utf-8"?>
<Project ToolsVersion="4.0" xmlns="http://schemas.microsoft.com/developer/msbuild/2003">
  <ItemGroup>
    <Filter Include="Source Files">
      <UniqueIdentifier>{4FC737F1-C7A5-4376-A066-2A32D752A2FF}</UniqueIdentifier>
      <Extensions>cpp;c;cc;cxx;def;odl;idl;hpj;bat;asm;asmx</Extensions>
    </Filter>
    <Filter Include="Header Files">
      <UniqueIdentifier>{93995380-89BD-4b04-88EB-625FBE52EBFB}</UniqueIdentifier>
      <Extensions>h;hh;hpp;hxx;hm;inl;inc;xsd</Extensions>
    </Filter>
    <Filter Include="Resource Files">
      <UniqueIdentifier>{67DA6AB6-F800-4c08-8B7A-83BB121AAD01}</UniqueIdentifier>
      <Extensions>rc;ico;cur;bmp;dlg;rc2;rct;bin;rgs;gif;jpg;jpeg;jpe;resx;tiff;tif;png;wav;mfcribbon-ms</Extensions>
    </Filter>
    <Filter Include="boards">
      <UniqueIdentifier>{49e3c8b4-18a8-40a0-8d58-d927026aea94}</UniqueIdentifier>
    </Filter>
  </ItemGroup>
  <ItemGroup>
    <None Include="..\boards\3d_board_10x10x1_0.sboard">
      <Filter>boards</Filter>
    </None>
    <None Include="..\boards\3d_board_10x10x1_1.sboard">
      <Filter>boards</Filter>
    </None>
    <None Include="..\boards\3d_board_10x10x6_0.sboard">
      <Filter>boards</Filter>
    </None>
    <None Include="..\boards\3d_board_10x10x6_1.sboard">
      <Filter>boards</Filter>
    </None>
    <None Include="..\boards\3d_board_15x15x15_0.sboard">
      <Filter>boards</Filter>
    </None>
    <None Include="..\boards\3d_board_15x15x15_1.sboard">
      <Filter>boards</Filter>
    </None>
    <None Include="..\boards\bad_board_1.sboard">
      <Filter>boards</Filter>
    </None>
    <None Include="..\boards\bad_board_4.sboard">
      <Filter>boards</Filter>
    </None>
    <None Include="..\boards\good_board.sboard">
      <Filter>boards</Filter>
    </None>
  </ItemGroup>
  <ItemGroup>
    <ClInclude Include="IBattleshipGameAlgo.h">
      <Filter>Header Files</Filter>
    </ClInclude>
    <ClInclude Include="GameUtils.h">
      <Filter>Header Files</Filter>
    </ClInclude>
    <ClInclude Include="OurBoardData.h">
      <Filter>Header Files</Filter>
    </ClInclude>
    <ClInclude Include="BattleshipPlayerSmart.h">
      <Filter>Header Files</Filter>
    </ClInclude>
    <ClInclude Include="BattleshipGame.h">
      <Filter>Header Files</Filter>
    </ClInclude>
  </ItemGroup>
  <ItemGroup>
    <ClCompile Include="main.cpp">
      <Filter>Source Files</Filter>
    </ClCompile>
    <ClCompile Include="GameUtils.cpp">
      <Filter>Source Files</Filter>
    </ClCompile>
    <ClCompile Include="OurBoardData.cpp">
      <Filter>Source Files</Filter>
    </ClCompile>
    <ClCompile Include="BattleshipPlayerSmart.cpp">
      <Filter>Source Files</Filter>
    </ClCompile>
    <ClCompile Include="BattleshipGame.cpp">
      <Filter>Source Files</Filter>
    </ClCompile>
  </ItemGroup>
</Project>